
Microsoft Visual Studio Solution File, Format Version 12.00
# Visual Studio Version 17
VisualStudioVersion = 17.14.36623.8
MinimumVisualStudioVersion = 10.0.40219.1
Project("{FAE04EC0-301F-11D3-BF4B-00C04F79EFBC}") = "DecoratorPattern", "DecoratorPattern\DecoratorPattern.csproj", "{6E2E9B4F-3FEC-4FEE-B2BF-274DC2ECBD76}"
EndProject
Project("{FAE04EC0-301F-11D3-BF4B-00C04F79EFBC}") = "SingletonPattern", "SingletonPattern\SingletonPattern.csproj", "{380482AC-233E-4127-803B-F64D529E0802}"
EndProject
Project("{FAE04EC0-301F-11D3-BF4B-00C04F79EFBC}") = "AdapterPattern", "AdapterPattern\AdapterPattern.csproj", "{FF6103B3-922B-463B-B439-53BF591139C0}"
EndProject
Project("{FAE04EC0-301F-11D3-BF4B-00C04F79EFBC}") = "StratageyPattern", "StratageyPattern\StratageyPattern.csproj", "{CB58FAD2-3276-4E41-8E70-EF7B029F48BE}"
EndProject
Project("{FAE04EC0-301F-11D3-BF4B-00C04F79EFBC}") = "ObserverPattern", "ObserverPattern\ObserverPattern.csproj", "{DBC1C569-9490-474A-94BD-2925F378C7CE}"
EndProject
Project("{FAE04EC0-301F-11D3-BF4B-00C04F79EFBC}") = "ProxyPattern", "ProxyPattern\ProxyPattern.csproj", "{468BB2D4-78E5-4ACB-B334-A7EF816DE03A}"
EndProject
Project("{FAE04EC0-301F-11D3-BF4B-00C04F79EFBC}") = "FactoryPattern", "FactoryPattern\FactoryPattern.csproj", "{33AE6CBF-9773-4D69-9F82-74A770DEDE69}"
EndProject
Project("{FAE04EC0-301F-11D3-BF4B-00C04F79EFBC}") = "BuilderPattern", "BuilderPattern\BuilderPattern.csproj", "{D10CD0E0-D5CC-4BE8-9D25-1BEF07150F5A}"
EndProject
Global
	GlobalSection(SolutionConfigurationPlatforms) = preSolution
		Debug|Any CPU = Debug|Any CPU
		Release|Any CPU = Release|Any CPU
	EndGlobalSection
	GlobalSection(ProjectConfigurationPlatforms) = postSolution
		{6E2E9B4F-3FEC-4FEE-B2BF-274DC2ECBD76}.Debug|Any CPU.ActiveCfg = Debug|Any CPU
		{6E2E9B4F-3FEC-4FEE-B2BF-274DC2ECBD76}.Debug|Any CPU.Build.0 = Debug|Any CPU
		{6E2E9B4F-3FEC-4FEE-B2BF-274DC2ECBD76}.Release|Any CPU.ActiveCfg = Release|Any CPU
		{6E2E9B4F-3FEC-4FEE-B2BF-274DC2ECBD76}.Release|Any CPU.Build.0 = Release|Any CPU
		{380482AC-233E-4127-803B-F64D529E0802}.Debug|Any CPU.ActiveCfg = Debug|Any CPU
		{380482AC-233E-4127-803B-F64D529E0802}.Debug|Any CPU.Build.0 = Debug|Any CPU
		{380482AC-233E-4127-803B-F64D529E0802}.Release|Any CPU.ActiveCfg = Release|Any CPU
		{380482AC-233E-4127-803B-F64D529E0802}.Release|Any CPU.Build.0 = Release|Any CPU
		{FF6103B3-922B-463B-B439-53BF591139C0}.Debug|Any CPU.ActiveCfg = Debug|Any CPU
		{FF6103B3-922B-463B-B439-53BF591139C0}.Debug|Any CPU.Build.0 = Debug|Any CPU
		{FF6103B3-922B-463B-B439-53BF591139C0}.Release|Any CPU.ActiveCfg = Release|Any CPU
		{FF6103B3-922B-463B-B439-53BF591139C0}.Release|Any CPU.Build.0 = Release|Any CPU
		{CB58FAD2-3276-4E41-8E70-EF7B029F48BE}.Debug|Any CPU.ActiveCfg = Debug|Any CPU
		{CB58FAD2-3276-4E41-8E70-EF7B029F48BE}.Debug|Any CPU.Build.0 = Debug|Any CPU
		{CB58FAD2-3276-4E41-8E70-EF7B029F48BE}.Release|Any CPU.ActiveCfg = Release|Any CPU
		{CB58FAD2-3276-4E41-8E70-EF7B029F48BE}.Release|Any CPU.Build.0 = Release|Any CPU
		{DBC1C569-9490-474A-94BD-2925F378C7CE}.Debug|Any CPU.ActiveCfg = Debug|Any CPU
		{DBC1C569-9490-474A-94BD-2925F378C7CE}.Debug|Any CPU.Build.0 = Debug|Any CPU
		{DBC1C569-9490-474A-94BD-2925F378C7CE}.Release|Any CPU.ActiveCfg = Release|Any CPU
		{DBC1C569-9490-474A-94BD-2925F378C7CE}.Release|Any CPU.Build.0 = Release|Any CPU
		{468BB2D4-78E5-4ACB-B334-A7EF816DE03A}.Debug|Any CPU.ActiveCfg = Debug|Any CPU
		{468BB2D4-78E5-4ACB-B334-A7EF816DE03A}.Debug|Any CPU.Build.0 = Debug|Any CPU
		{468BB2D4-78E5-4ACB-B334-A7EF816DE03A}.Release|Any CPU.ActiveCfg = Release|Any CPU
		{468BB2D4-78E5-4ACB-B334-A7EF816DE03A}.Release|Any CPU.Build.0 = Release|Any CPU
		{33AE6CBF-9773-4D69-9F82-74A770DEDE69}.Debug|Any CPU.ActiveCfg = Debug|Any CPU
		{33AE6CBF-9773-4D69-9F82-74A770DEDE69}.Debug|Any CPU.Build.0 = Debug|Any CPU
		{33AE6CBF-9773-4D69-9F82-74A770DEDE69}.Release|Any CPU.ActiveCfg = Release|Any CPU
		{33AE6CBF-9773-4D69-9F82-74A770DEDE69}.Release|Any CPU.Build.0 = Release|Any CPU
		{D10CD0E0-D5CC-4BE8-9D25-1BEF07150F5A}.Debug|Any CPU.ActiveCfg = Debug|Any CPU
		{D10CD0E0-D5CC-4BE8-9D25-1BEF07150F5A}.Debug|Any CPU.Build.0 = Debug|Any CPU
		{D10CD0E0-D5CC-4BE8-9D25-1BEF07150F5A}.Release|Any CPU.ActiveCfg = Release|Any CPU
		{D10CD0E0-D5CC-4BE8-9D25-1BEF07150F5A}.Release|Any CPU.Build.0 = Release|Any CPU
	EndGlobalSection
	GlobalSection(SolutionProperties) = preSolution
		HideSolutionNode = FALSE
	EndGlobalSection
	GlobalSection(ExtensibilityGlobals) = postSolution
		SolutionGuid = {D5C15559-3B1D-40B4-96BB-95B43C805EF3}
	EndGlobalSection
EndGlobal
