
Microsoft Visual Studio Solution File, Format Version 12.00
# Visual Studio Version 17
VisualStudioVersion = 17.14.36623.8
MinimumVisualStudioVersion = 10.0.40219.1
Project("{FAE04EC0-301F-11D3-BF4B-00C04F79EFBC}") = "BuilderPattern", "DesignPattern\BuilderPattern.csproj", "{314BE453-6C56-4015-91C0-F21EE740C0E0}"
EndProject
Project("{FAE04EC0-301F-11D3-BF4B-00C04F79EFBC}") = "DecoratorPattern", "DecoratorPattern\DecoratorPattern.csproj", "{6E2E9B4F-3FEC-4FEE-B2BF-274DC2ECBD76}"
EndProject
Project("{FAE04EC0-301F-11D3-BF4B-00C04F79EFBC}") = "SingletonPattern", "SingletonPattern\SingletonPattern.csproj", "{380482AC-233E-4127-803B-F64D529E0802}"
EndProject
Global
	GlobalSection(SolutionConfigurationPlatforms) = preSolution
		Debug|Any CPU = Debug|Any CPU
		Release|Any CPU = Release|Any CPU
	EndGlobalSection
	GlobalSection(ProjectConfigurationPlatforms) = postSolution
		{314BE453-6C56-4015-91C0-F21EE740C0E0}.Debug|Any CPU.ActiveCfg = Debug|Any CPU
		{314BE453-6C56-4015-91C0-F21EE740C0E0}.Debug|Any CPU.Build.0 = Debug|Any CPU
		{314BE453-6C56-4015-91C0-F21EE740C0E0}.Release|Any CPU.ActiveCfg = Release|Any CPU
		{314BE453-6C56-4015-91C0-F21EE740C0E0}.Release|Any CPU.Build.0 = Release|Any CPU
		{6E2E9B4F-3FEC-4FEE-B2BF-274DC2ECBD76}.Debug|Any CPU.ActiveCfg = Debug|Any CPU
		{6E2E9B4F-3FEC-4FEE-B2BF-274DC2ECBD76}.Debug|Any CPU.Build.0 = Debug|Any CPU
		{6E2E9B4F-3FEC-4FEE-B2BF-274DC2ECBD76}.Release|Any CPU.ActiveCfg = Release|Any CPU
		{6E2E9B4F-3FEC-4FEE-B2BF-274DC2ECBD76}.Release|Any CPU.Build.0 = Release|Any CPU
		{380482AC-233E-4127-803B-F64D529E0802}.Debug|Any CPU.ActiveCfg = Debug|Any CPU
		{380482AC-233E-4127-803B-F64D529E0802}.Debug|Any CPU.Build.0 = Debug|Any CPU
		{380482AC-233E-4127-803B-F64D529E0802}.Release|Any CPU.ActiveCfg = Release|Any CPU
		{380482AC-233E-4127-803B-F64D529E0802}.Release|Any CPU.Build.0 = Release|Any CPU
	EndGlobalSection
	GlobalSection(SolutionProperties) = preSolution
		HideSolutionNode = FALSE
	EndGlobalSection
	GlobalSection(ExtensibilityGlobals) = postSolution
		SolutionGuid = {D5C15559-3B1D-40B4-96BB-95B43C805EF3}
	EndGlobalSection
EndGlobal
